// !$*UTF8*$!
{
	archiveVersion = 1;
	classes = {
	};
	objectVersion = 50;
	objects = {

/* Begin PBXBuildFile section */
		E4996060232FD1DE005FE570 /* AppDelegate.swift in Sources */ = {isa = PBXBuildFile; fileRef = E499605F232FD1DE005FE570 /* AppDelegate.swift */; };
		E4996062232FD1DE005FE570 /* ViewController.swift in Sources */ = {isa = PBXBuildFile; fileRef = E4996061232FD1DE005FE570 /* ViewController.swift */; };
		E4996065232FD1DE005FE570 /* Main.storyboard in Resources */ = {isa = PBXBuildFile; fileRef = E4996063232FD1DE005FE570 /* Main.storyboard */; };
		E4996067232FD1DF005FE570 /* Assets.xcassets in Resources */ = {isa = PBXBuildFile; fileRef = E4996066232FD1DF005FE570 /* Assets.xcassets */; };
		E499606A232FD1DF005FE570 /* LaunchScreen.storyboard in Resources */ = {isa = PBXBuildFile; fileRef = E4996068232FD1DF005FE570 /* LaunchScreen.storyboard */; };
		E4996072232FD79E005FE570 /* CameraController.swift in Sources */ = {isa = PBXBuildFile; fileRef = E4996071232FD79E005FE570 /* CameraController.swift */; };
/* End PBXBuildFile section */

/* Begin PBXFileReference section */
		E499605C232FD1DE005FE570 /* WenQu.app */ = {isa = PBXFileReference; explicitFileType = wrapper.application; includeInIndex = 0; path = WenQu.app; sourceTree = BUILT_PRODUCTS_DIR; };
		E499605F232FD1DE005FE570 /* AppDelegate.swift */ = {isa = PBXFileReference; lastKnownFileType = sourcecode.swift; path = AppDelegate.swift; sourceTree = "<group>"; };
		E4996061232FD1DE005FE570 /* ViewController.swift */ = {isa = PBXFileReference; lastKnownFileType = sourcecode.swift; path = ViewController.swift; sourceTree = "<group>"; };
		E4996064232FD1DE005FE570 /* Base */ = {isa = PBXFileReference; lastKnownFileType = file.storyboard; name = Base; path = Base.lproj/Main.storyboard; sourceTree = "<group>"; };
		E4996066232FD1DF005FE570 /* Assets.xcassets */ = {isa = PBXFileReference; lastKnownFileType = folder.assetcatalog; path = Assets.xcassets; sourceTree = "<group>"; };
		E4996069232FD1DF005FE570 /* Base */ = {isa = PBXFileReference; lastKnownFileType = file.storyboard; name = Base; path = Base.lproj/LaunchScreen.storyboard; sourceTree = "<group>"; };
		E499606B232FD1DF005FE570 /* Info.plist */ = {isa = PBXFileReference; lastKnownFileType = text.plist.xml; path = Info.plist; sourceTree = "<group>"; };
		E4996071232FD79E005FE570 /* CameraController.swift */ = {isa = PBXFileReference; lastKnownFileType = sourcecode.swift; path = CameraController.swift; sourceTree = "<group>"; };
/* End PBXFileReference section */

/* Begin PBXFrameworksBuildPhase section */
		E4996059232FD1DE005FE570 /* Frameworks */ = {
			isa = PBXFrameworksBuildPhase;
			buildActionMask = 2147483647;
			files = (
			);
			runOnlyForDeploymentPostprocessing = 0;
		};
/* End PBXFrameworksBuildPhase section */

/* Begin PBXGroup section */
		E4996053232FD1DE005FE570 = {
			isa = PBXGroup;
			children = (
				E499605E232FD1DE005FE570 /* WenQu */,
				E499605D232FD1DE005FE570 /* Products */,
			);
			sourceTree = "<group>";
		};
		E499605D232FD1DE005FE570 /* Products */ = {
			isa = PBXGroup;
			children = (
				E499605C232FD1DE005FE570 /* WenQu.app */,
			);
			name = Products;
			sourceTree = "<group>";
		};
		E499605E232FD1DE005FE570 /* WenQu */ = {
			isa = PBXGroup;
			children = (
				E499605F232FD1DE005FE570 /* AppDelegate.swift */,
				E4996061232FD1DE005FE570 /* ViewController.swift */,
				E4996063232FD1DE005FE570 /* Main.storyboard */,
				E4996066232FD1DF005FE570 /* Assets.xcassets */,
				E4996068232FD1DF005FE570 /* LaunchScreen.storyboard */,
				E499606B232FD1DF005FE570 /* Info.plist */,
				E4996071232FD79E005FE570 /* CameraController.swift */,
			);
			path = WenQu;
			sourceTree = "<group>";
		};
/* End PBXGroup section */

/* Begin PBXNativeTarget section */
		E499605B232FD1DE005FE570 /* WenQu */ = {
			isa = PBXNativeTarget;
			buildConfigurationList = E499606E232FD1DF005FE570 /* Build configuration list for PBXNativeTarget "WenQu" */;
			buildPhases = (
				E4996058232FD1DE005FE570 /* Sources */,
				E4996059232FD1DE005FE570 /* Frameworks */,
				E499605A232FD1DE005FE570 /* Resources */,
			);
			buildRules = (
			);
			dependencies = (
			);
			name = WenQu;
			productName = WenQu;
			productReference = E499605C232FD1DE005FE570 /* WenQu.app */;
			productType = "com.apple.product-type.application";
		};
/* End PBXNativeTarget section */

/* Begin PBXProject section */
		E4996054232FD1DE005FE570 /* Project object */ = {
			isa = PBXProject;
			attributes = {
				LastSwiftUpdateCheck = 1030;
				LastUpgradeCheck = 1030;
				ORGANIZATIONNAME = TDG;
				TargetAttributes = {
					E499605B232FD1DE005FE570 = {
						CreatedOnToolsVersion = 10.3;
					};
				};
			};
			buildConfigurationList = E4996057232FD1DE005FE570 /* Build configuration list for PBXProject "WenQu" */;
			compatibilityVersion = "Xcode 9.3";
			developmentRegion = en;
			hasScannedForEncodings = 0;
			knownRegions = (
				en,
				Base,
			);
			mainGroup = E4996053232FD1DE005FE570;
			productRefGroup = E499605D232FD1DE005FE570 /* Products */;
			projectDirPath = "";
			projectRoot = "";
			targets = (
				E499605B232FD1DE005FE570 /* WenQu */,
			);
		};
/* End PBXProject section */

/* Begin PBXResourcesBuildPhase section */
		E499605A232FD1DE005FE570 /* Resources */ = {
			isa = PBXResourcesBuildPhase;
			buildActionMask = 2147483647;
			files = (
				E499606A232FD1DF005FE570 /* LaunchScreen.storyboard in Resources */,
				E4996067232FD1DF005FE570 /* Assets.xcassets in Resources */,
				E4996065232FD1DE005FE570 /* Main.storyboard in Resources */,
			);
			runOnlyForDeploymentPostprocessing = 0;
		};
/* End PBXResourcesBuildPhase section */

/* Begin PBXSourcesBuildPhase section */
		E4996058232FD1DE005FE570 /* Sources */ = {
			isa = PBXSourcesBuildPhase;
			buildActionMask = 2147483647;
			files = (
				E4996072232FD79E005FE570 /* CameraController.swift in Sources */,
				E4996062232FD1DE005FE570 /* ViewController.swift in Sources */,
				E4996060232FD1DE005FE570 /* AppDelegate.swift in Sources */,
			);
			runOnlyForDeploymentPostprocessing = 0;
		};
/* End PBXSourcesBuildPhase section */

/* Begin PBXVariantGroup section */
		E4996063232FD1DE005FE570 /* Main.storyboard */ = {
			isa = PBXVariantGroup;
			children = (
				E4996064232FD1DE005FE570 /* Base */,
			);
			name = Main.storyboard;
			sourceTree = "<group>";
		};
		E4996068232FD1DF005FE570 /* LaunchScreen.storyboard */ = {
			isa = PBXVariantGroup;
			children = (
				E4996069232FD1DF005FE570 /* Base */,
			);
			name = LaunchScreen.storyboard;
			sourceTree = "<group>";
		};
/* End PBXVariantGroup section */

/* Begin XCBuildConfiguration section */
		E499606C232FD1DF005FE570 /* Debug */ = {
			isa = XCBuildConfiguration;
			buildSettings = {
				ALWAYS_SEARCH_USER_PATHS = NO;
				CLANG_ANALYZER_NONNULL = YES;
				CLANG_ANALYZER_NUMBER_OBJECT_CONVERSION = YES_AGGRESSIVE;
				CLANG_CXX_LANGUAGE_STANDARD = "gnu++14";
				CLANG_CXX_LIBRARY = "libc++";
				CLANG_ENABLE_MODULES = YES;
				CLANG_ENABLE_OBJC_ARC = YES;
				CLANG_ENABLE_OBJC_WEAK = YES;
				CLANG_WARN_BLOCK_CAPTURE_AUTORELEASING = YES;
				CLANG_WARN_BOOL_CONVERSION = YES;
				CLANG_WARN_COMMA = YES;
				CLANG_WARN_CONSTANT_CONVERSION = YES;
				CLANG_WARN_DEPRECATED_OBJC_IMPLEMENTATIONS = YES;
				CLANG_WARN_DIRECT_OBJC_ISA_USAGE = YES_ERROR;
				CLANG_WARN_DOCUMENTATION_COMMENTS = YES;
				CLANG_WARN_EMPTY_BODY = YES;
				CLANG_WARN_ENUM_CONVERSION = YES;
				CLANG_WARN_INFINITE_RECURSION = YES;
				CLANG_WARN_INT_CONVERSION = YES;
				CLANG_WARN_NON_LITERAL_NULL_CONVERSION = YES;
				CLANG_WARN_OBJC_IMPLICIT_RETAIN_SELF = YES;
				CLANG_WARN_OBJC_LITERAL_CONVERSION = YES;
				CLANG_WARN_OBJC_ROOT_CLASS = YES_ERROR;
				CLANG_WARN_RANGE_LOOP_ANALYSIS = YES;
				CLANG_WARN_STRICT_PROTOTYPES = YES;
				CLANG_WARN_SUSPICIOUS_MOVE = YES;
				CLANG_WARN_UNGUARDED_AVAILABILITY = YES_AGGRESSIVE;
				CLANG_WARN_UNREACHABLE_CODE = YES;
				CLANG_WARN__DUPLICATE_METHOD_MATCH = YES;
				CODE_SIGN_IDENTITY = "iPhone Developer";
				COPY_PHASE_STRIP = NO;
				DEBUG_INFORMATION_FORMAT = dwarf;
				ENABLE_STRICT_OBJC_MSGSEND = YES;
				ENABLE_TESTABILITY = YES;
				GCC_C_LANGUAGE_STANDARD = gnu11;
				GCC_DYNAMIC_NO_PIC = NO;
				GCC_NO_COMMON_BLOCKS = YES;
				GCC_OPTIMIZATION_LEVEL = 0;
				GCC_PREPROCESSOR_DEFINITIONS = (
					"DEBUG=1",
					"$(inherited)",
				);
				GCC_WARN_64_TO_32_BIT_CONVERSION = YES;
				GCC_WARN_ABOUT_RETURN_TYPE = YES_ERROR;
				GCC_WARN_UNDECLARED_SELECTOR = YES;
				GCC_WARN_UNINITIALIZED_AUTOS = YES_AGGRESSIVE;
				GCC_WARN_UNUSED_FUNCTION = YES;
				GCC_WARN_UNUSED_VARIABLE = YES;
				IPHONEOS_DEPLOYMENT_TARGET = 12.4;
				MTL_ENABLE_DEBUG_INFO = INCLUDE_SOURCE;
				MTL_FAST_MATH = YES;
				ONLY_ACTIVE_ARCH = YES;
				SDKROOT = iphoneos;
				SWIFT_ACTIVE_COMPILATION_CONDITIONS = DEBUG;
				SWIFT_OPTIMIZATION_LEVEL = "-Onone";
			};
			name = Debug;
		};
		E499606D232FD1DF005FE570 /* Release */ = {
			isa = XCBuildConfiguration;
			buildSettings = {
				ALWAYS_SEARCH_USER_PATHS = NO;
				CLANG_ANALYZER_NONNULL = YES;
				CLANG_ANALYZER_NUMBER_OBJECT_CONVERSION = YES_AGGRESSIVE;
				CLANG_CXX_LANGUAGE_STANDARD = "gnu++14";
				CLANG_CXX_LIBRARY = "libc++";
				CLANG_ENABLE_MODULES = YES;
				CLANG_ENABLE_OBJC_ARC = YES;
				CLANG_ENABLE_OBJC_WEAK = YES;
				CLANG_WARN_BLOCK_CAPTURE_AUTORELEASING = YES;
				CLANG_WARN_BOOL_CONVERSION = YES;
				CLANG_WARN_COMMA = YES;
				CLANG_WARN_CONSTANT_CONVERSION = YES;
				CLANG_WARN_DEPRECATED_OBJC_IMPLEMENTATIONS = YES;
				CLANG_WARN_DIRECT_OBJC_ISA_USAGE = YES_ERROR;
				CLANG_WARN_DOCUMENTATION_COMMENTS = YES;
				CLANG_WARN_EMPTY_BODY = YES;
				CLANG_WARN_ENUM_CONVERSION = YES;
				CLANG_WARN_INFINITE_RECURSION = YES;
				CLANG_WARN_INT_CONVERSION = YES;
				CLANG_WARN_NON_LITERAL_NULL_CONVERSION = YES;
				CLANG_WARN_OBJC_IMPLICIT_RETAIN_SELF = YES;
				CLANG_WARN_OBJC_LITERAL_CONVERSION = YES;
				CLANG_WARN_OBJC_ROOT_CLASS = YES_ERROR;
				CLANG_WARN_RANGE_LOOP_ANALYSIS = YES;
				CLANG_WARN_STRICT_PROTOTYPES = YES;
				CLANG_WARN_SUSPICIOUS_MOVE = YES;
				CLANG_WARN_UNGUARDED_AVAILABILITY = YES_AGGRESSIVE;
				CLANG_WARN_UNREACHABLE_CODE = YES;
				CLANG_WARN__DUPLICATE_METHOD_MATCH = YES;
				CODE_SIGN_IDENTITY = "iPhone Developer";
				COPY_PHASE_STRIP = NO;
				DEBUG_INFORMATION_FORMAT = "dwarf-with-dsym";
				ENABLE_NS_ASSERTIONS = NO;
				ENABLE_STRICT_OBJC_MSGSEND = YES;
				GCC_C_LANGUAGE_STANDARD = gnu11;
				GCC_NO_COMMON_BLOCKS = YES;
				GCC_WARN_64_TO_32_BIT_CONVERSION = YES;
				GCC_WARN_ABOUT_RETURN_TYPE = YES_ERROR;
				GCC_WARN_UNDECLARED_SELECTOR = YES;
				GCC_WARN_UNINITIALIZED_AUTOS = YES_AGGRESSIVE;
				GCC_WARN_UNUSED_FUNCTION = YES;
				GCC_WARN_UNUSED_VARIABLE = YES;
				IPHONEOS_DEPLOYMENT_TARGET = 12.4;
				MTL_ENABLE_DEBUG_INFO = NO;
				MTL_FAST_MATH = YES;
				SDKROOT = iphoneos;
				SWIFT_COMPILATION_MODE = wholemodule;
				SWIFT_OPTIMIZATION_LEVEL = "-O";
				VALIDATE_PRODUCT = YES;
			};
			name = Release;
		};
		E499606F232FD1DF005FE570 /* Debug */ = {
			isa = XCBuildConfiguration;
			buildSettings = {
				ASSETCATALOG_COMPILER_APPICON_NAME = AppIcon;
				CODE_SIGN_STYLE = Automatic;
				DEVELOPMENT_TEAM = 8FGW47U6M9;
				INFOPLIST_FILE = WenQu/Info.plist;
				LD_RUNPATH_SEARCH_PATHS = (
					"$(inherited)",
					"@executable_path/Frameworks",
				);
				PRODUCT_BUNDLE_IDENTIFIER = com.tdg.culture.richard.WenQu;
				PRODUCT_NAME = "$(TARGET_NAME)";
				SWIFT_VERSION = 5.0;
				TARGETED_DEVICE_FAMILY = "1,2";
			};
			name = Debug;
		};
		E4996070232FD1DF005FE570 /* Release */ = {
			isa = XCBuildConfiguration;
			buildSettings = {
				ASSETCATALOG_COMPILER_APPICON_NAME = AppIcon;
				CODE_SIGN_STYLE = Automatic;
				DEVELOPMENT_TEAM = 8FGW47U6M9;
				INFOPLIST_FILE = WenQu/Info.plist;
				LD_RUNPATH_SEARCH_PATHS = (
					"$(inherited)",
					"@executable_path/Frameworks",
				);
				PRODUCT_BUNDLE_IDENTIFIER = com.tdg.culture.richard.WenQu;
				PRODUCT_NAME = "$(TARGET_NAME)";
				SWIFT_VERSION = 5.0;
				TARGETED_DEVICE_FAMILY = "1,2";
			};
			name = Release;
		};
/* End XCBuildConfiguration section */

/* Begin XCConfigurationList section */
		E4996057232FD1DE005FE570 /* Build configuration list for PBXProject "WenQu" */ = {
			isa = XCConfigurationList;
			buildConfigurations = (
				E499606C232FD1DF005FE570 /* Debug */,
				E499606D232FD1DF005FE570 /* Release */,
			);
			defaultConfigurationIsVisible = 0;
			defaultConfigurationName = Release;
		};
		E499606E232FD1DF005FE570 /* Build configuration list for PBXNativeTarget "WenQu" */ = {
			isa = XCConfigurationList;
			buildConfigurations = (
				E499606F232FD1DF005FE570 /* Debug */,
				E4996070232FD1DF005FE570 /* Release */,
			);
			defaultConfigurationIsVisible = 0;
			defaultConfigurationName = Release;
		};
/* End XCConfigurationList section */
	};
	rootObject = E4996054232FD1DE005FE570 /* Project object */;
}
